
Microsoft Visual Studio Solution File, Format Version 12.00
# Visual Studio 15
Project("{FAE04EC0-301F-11D3-BF4B-00C04F79EFBC}") = "Assembly-CSharp", "Assembly-CSharp.csproj", "{6A4F4350-5599-1750-C968-1745F038F737}"
EndProject
Project("{FAE04EC0-301F-11D3-BF4B-00C04F79EFBC}") = "Assembly-CSharp-Editor", "Assembly-CSharp-Editor.csproj", "{BE1A2459-DC6F-A08C-63DA-1D22711436AD}"
EndProject
Global
	GlobalSection(SolutionConfigurationPlatforms) = preSolution
		Debug|Any CPU = Debug|Any CPU
		Release|Any CPU = Release|Any CPU
	EndGlobalSection
	GlobalSection(ProjectConfigurationPlatforms) = postSolution
		{6A4F4350-5599-1750-C968-1745F038F737}.Debug|Any CPU.ActiveCfg = Debug|Any CPU
		{6A4F4350-5599-1750-C968-1745F038F737}.Debug|Any CPU.Build.0 = Debug|Any CPU
		{6A4F4350-5599-1750-C968-1745F038F737}.Release|Any CPU.ActiveCfg = Release|Any CPU
		{6A4F4350-5599-1750-C968-1745F038F737}.Release|Any CPU.Build.0 = Release|Any CPU
		{BE1A2459-DC6F-A08C-63DA-1D22711436AD}.Debug|Any CPU.ActiveCfg = Debug|Any CPU
		{BE1A2459-DC6F-A08C-63DA-1D22711436AD}.Debug|Any CPU.Build.0 = Debug|Any CPU
		{BE1A2459-DC6F-A08C-63DA-1D22711436AD}.Release|Any CPU.ActiveCfg = Release|Any CPU
		{BE1A2459-DC6F-A08C-63DA-1D22711436AD}.Release|Any CPU.Build.0 = Release|Any CPU
	EndGlobalSection
	GlobalSection(SolutionProperties) = preSolution
		HideSolutionNode = FALSE
	EndGlobalSection
EndGlobal
